// !$*UTF8*$!
{
	archiveVersion = 1;
	classes = {
	};
	objectVersion = 55;
	objects = {

/* Begin PBXBuildFile section */
		7D581FF728F94CBD00DFE980 /* UIViewController + HelpAlert.swift in Sources */ = {isa = PBXBuildFile; fileRef = 7D581FF628F94CBD00DFE980 /* UIViewController + HelpAlert.swift */; };
		7D58200A28F96F9700DFE980 /* PreviewStarViewController.swift in Sources */ = {isa = PBXBuildFile; fileRef = 7D58200828F96F9700DFE980 /* PreviewStarViewController.swift */; };
		7D58200B28F96F9700DFE980 /* SetupStarViewController.swift in Sources */ = {isa = PBXBuildFile; fileRef = 7D58200928F96F9700DFE980 /* SetupStarViewController.swift */; };
		7D58200E28F96FA700DFE980 /* StarView.swift in Sources */ = {isa = PBXBuildFile; fileRef = 7D58200C28F96FA700DFE980 /* StarView.swift */; };
		7D58200F28F96FA700DFE980 /* CanvasView.swift in Sources */ = {isa = PBXBuildFile; fileRef = 7D58200D28F96FA700DFE980 /* CanvasView.swift */; };
		7D58201328F96FEC00DFE980 /* CanvasStarsViewController.swift in Sources */ = {isa = PBXBuildFile; fileRef = 7D58201228F96FEC00DFE980 /* CanvasStarsViewController.swift */; };
		7D642CFB28F1605D00C0A746 /* AppDelegate.swift in Sources */ = {isa = PBXBuildFile; fileRef = 7D642CFA28F1605D00C0A746 /* AppDelegate.swift */; };
		7D642CFD28F1605D00C0A746 /* SceneDelegate.swift in Sources */ = {isa = PBXBuildFile; fileRef = 7D642CFC28F1605D00C0A746 /* SceneDelegate.swift */; };
		7D642D0228F1605D00C0A746 /* Main.storyboard in Resources */ = {isa = PBXBuildFile; fileRef = 7D642D0028F1605D00C0A746 /* Main.storyboard */; };
		7D642D0428F1605F00C0A746 /* Assets.xcassets in Resources */ = {isa = PBXBuildFile; fileRef = 7D642D0328F1605F00C0A746 /* Assets.xcassets */; };
		7D642D0728F1605F00C0A746 /* LaunchScreen.storyboard in Resources */ = {isa = PBXBuildFile; fileRef = 7D642D0528F1605F00C0A746 /* LaunchScreen.storyboard */; };
		7D642D1328F6DF3F00C0A746 /* PaletteViewController.swift in Sources */ = {isa = PBXBuildFile; fileRef = 7D642D1228F6DF3F00C0A746 /* PaletteViewController.swift */; };
		7D642D1528F6DFBA00C0A746 /* GradientViewController.swift in Sources */ = {isa = PBXBuildFile; fileRef = 7D642D1428F6DFBA00C0A746 /* GradientViewController.swift */; };
		7D642D1728F6E06700C0A746 /* SetupColorViewController.swift in Sources */ = {isa = PBXBuildFile; fileRef = 7D642D1628F6E06700C0A746 /* SetupColorViewController.swift */; };
		7D642D1D28F6F55600C0A746 /* UIViewController + ColorAlert.swift in Sources */ = {isa = PBXBuildFile; fileRef = 7D642D1C28F6F55500C0A746 /* UIViewController + ColorAlert.swift */; };
		7DCC3A0328F86C17008638F6 /* UIView + CustomStar.swift in Sources */ = {isa = PBXBuildFile; fileRef = 7DCC3A0228F86C17008638F6 /* UIView + CustomStar.swift */; };
		7DCC3A0528F86D1E008638F6 /* Star.swift in Sources */ = {isa = PBXBuildFile; fileRef = 7DCC3A0428F86D1E008638F6 /* Star.swift */; };
		7DCC3A0A28F89A0F008638F6 /* Log.swift in Sources */ = {isa = PBXBuildFile; fileRef = 7DCC3A0928F89A0E008638F6 /* Log.swift */; };
		7DD19F9828F80A0800A4EDAA /* Gradient.swift in Sources */ = {isa = PBXBuildFile; fileRef = 7DD19F9728F80A0800A4EDAA /* Gradient.swift */; };
/* End PBXBuildFile section */

/* Begin PBXFileReference section */
		7D581FF628F94CBD00DFE980 /* UIViewController + HelpAlert.swift */ = {isa = PBXFileReference; lastKnownFileType = sourcecode.swift; path = "UIViewController + HelpAlert.swift"; sourceTree = "<group>"; };
		7D58200828F96F9700DFE980 /* PreviewStarViewController.swift */ = {isa = PBXFileReference; fileEncoding = 4; lastKnownFileType = sourcecode.swift; path = PreviewStarViewController.swift; sourceTree = "<group>"; };
		7D58200928F96F9700DFE980 /* SetupStarViewController.swift */ = {isa = PBXFileReference; fileEncoding = 4; lastKnownFileType = sourcecode.swift; path = SetupStarViewController.swift; sourceTree = "<group>"; };
		7D58200C28F96FA700DFE980 /* StarView.swift */ = {isa = PBXFileReference; fileEncoding = 4; lastKnownFileType = sourcecode.swift; path = StarView.swift; sourceTree = "<group>"; };
		7D58200D28F96FA700DFE980 /* CanvasView.swift */ = {isa = PBXFileReference; fileEncoding = 4; lastKnownFileType = sourcecode.swift; path = CanvasView.swift; sourceTree = "<group>"; };
		7D58201228F96FEC00DFE980 /* CanvasStarsViewController.swift */ = {isa = PBXFileReference; lastKnownFileType = sourcecode.swift; path = CanvasStarsViewController.swift; sourceTree = "<group>"; };
		7D642CF728F1605D00C0A746 /* #17 Transitions.app */ = {isa = PBXFileReference; explicitFileType = wrapper.application; includeInIndex = 0; path = "#17 Transitions.app"; sourceTree = BUILT_PRODUCTS_DIR; };
		7D642CFA28F1605D00C0A746 /* AppDelegate.swift */ = {isa = PBXFileReference; lastKnownFileType = sourcecode.swift; path = AppDelegate.swift; sourceTree = "<group>"; };
		7D642CFC28F1605D00C0A746 /* SceneDelegate.swift */ = {isa = PBXFileReference; lastKnownFileType = sourcecode.swift; path = SceneDelegate.swift; sourceTree = "<group>"; };
		7D642D0128F1605D00C0A746 /* Base */ = {isa = PBXFileReference; lastKnownFileType = file.storyboard; name = Base; path = Base.lproj/Main.storyboard; sourceTree = "<group>"; };
		7D642D0328F1605F00C0A746 /* Assets.xcassets */ = {isa = PBXFileReference; lastKnownFileType = folder.assetcatalog; path = Assets.xcassets; sourceTree = "<group>"; };
		7D642D0628F1605F00C0A746 /* Base */ = {isa = PBXFileReference; lastKnownFileType = file.storyboard; name = Base; path = Base.lproj/LaunchScreen.storyboard; sourceTree = "<group>"; };
		7D642D0828F1605F00C0A746 /* Info.plist */ = {isa = PBXFileReference; lastKnownFileType = text.plist.xml; path = Info.plist; sourceTree = "<group>"; };
		7D642D1228F6DF3F00C0A746 /* PaletteViewController.swift */ = {isa = PBXFileReference; lastKnownFileType = sourcecode.swift; path = PaletteViewController.swift; sourceTree = "<group>"; };
		7D642D1428F6DFBA00C0A746 /* GradientViewController.swift */ = {isa = PBXFileReference; lastKnownFileType = sourcecode.swift; path = GradientViewController.swift; sourceTree = "<group>"; };
		7D642D1628F6E06700C0A746 /* SetupColorViewController.swift */ = {isa = PBXFileReference; lastKnownFileType = sourcecode.swift; path = SetupColorViewController.swift; sourceTree = "<group>"; };
		7D642D1C28F6F55500C0A746 /* UIViewController + ColorAlert.swift */ = {isa = PBXFileReference; lastKnownFileType = sourcecode.swift; path = "UIViewController + ColorAlert.swift"; sourceTree = "<group>"; };
		7DCC3A0228F86C17008638F6 /* UIView + CustomStar.swift */ = {isa = PBXFileReference; lastKnownFileType = sourcecode.swift; path = "UIView + CustomStar.swift"; sourceTree = "<group>"; };
		7DCC3A0428F86D1E008638F6 /* Star.swift */ = {isa = PBXFileReference; lastKnownFileType = sourcecode.swift; path = Star.swift; sourceTree = "<group>"; };
		7DCC3A0928F89A0E008638F6 /* Log.swift */ = {isa = PBXFileReference; lastKnownFileType = sourcecode.swift; path = Log.swift; sourceTree = "<group>"; };
		7DD19F9728F80A0800A4EDAA /* Gradient.swift */ = {isa = PBXFileReference; lastKnownFileType = sourcecode.swift; path = Gradient.swift; sourceTree = "<group>"; };
/* End PBXFileReference section */

/* Begin PBXFrameworksBuildPhase section */
		7D642CF428F1605D00C0A746 /* Frameworks */ = {
			isa = PBXFrameworksBuildPhase;
			buildActionMask = 2147483647;
			files = (
			);
			runOnlyForDeploymentPostprocessing = 0;
		};
/* End PBXFrameworksBuildPhase section */

/* Begin PBXGroup section */
		7D58201028F96FB500DFE980 /* SecondTab */ = {
			isa = PBXGroup;
			children = (
				7D58201228F96FEC00DFE980 /* CanvasStarsViewController.swift */,
				7D58200928F96F9700DFE980 /* SetupStarViewController.swift */,
				7D58200828F96F9700DFE980 /* PreviewStarViewController.swift */,
				7D58201128F96FC200DFE980 /* Views */,
			);
			path = SecondTab;
			sourceTree = "<group>";
		};
		7D58201128F96FC200DFE980 /* Views */ = {
			isa = PBXGroup;
			children = (
				7D58200D28F96FA700DFE980 /* CanvasView.swift */,
				7D58200C28F96FA700DFE980 /* StarView.swift */,
			);
			path = Views;
			sourceTree = "<group>";
		};
		7D642CEE28F1605D00C0A746 = {
			isa = PBXGroup;
			children = (
				7D642CF928F1605D00C0A746 /* #17 Transitions */,
				7D642CF828F1605D00C0A746 /* Products */,
			);
			sourceTree = "<group>";
		};
		7D642CF828F1605D00C0A746 /* Products */ = {
			isa = PBXGroup;
			children = (
				7D642CF728F1605D00C0A746 /* #17 Transitions.app */,
			);
			name = Products;
			sourceTree = "<group>";
		};
		7D642CF928F1605D00C0A746 /* #17 Transitions */ = {
			isa = PBXGroup;
			children = (
				7D642D1E28F727BD00C0A746 /* Extension */,
				7D642D1828F6E07500C0A746 /* Controllers */,
				7DD19F9628F809E800A4EDAA /* Model */,
				7D642D0028F1605D00C0A746 /* Main.storyboard */,
				7D642D0328F1605F00C0A746 /* Assets.xcassets */,
				7D642D0528F1605F00C0A746 /* LaunchScreen.storyboard */,
				7D642CFA28F1605D00C0A746 /* AppDelegate.swift */,
				7D642CFC28F1605D00C0A746 /* SceneDelegate.swift */,
				7D642D0828F1605F00C0A746 /* Info.plist */,
			);
			path = "#17 Transitions";
			sourceTree = "<group>";
		};
		7D642D1828F6E07500C0A746 /* Controllers */ = {
			isa = PBXGroup;
			children = (
				7D642D1A28F6E08800C0A746 /* FirstTab */,
				7D58201028F96FB500DFE980 /* SecondTab */,
			);
			path = Controllers;
			sourceTree = "<group>";
		};
		7D642D1A28F6E08800C0A746 /* FirstTab */ = {
			isa = PBXGroup;
			children = (
				7D642D1428F6DFBA00C0A746 /* GradientViewController.swift */,
				7D642D1228F6DF3F00C0A746 /* PaletteViewController.swift */,
				7D642D1628F6E06700C0A746 /* SetupColorViewController.swift */,
			);
			path = FirstTab;
			sourceTree = "<group>";
		};
		7D642D1E28F727BD00C0A746 /* Extension */ = {
			isa = PBXGroup;
			children = (
				7D642D1C28F6F55500C0A746 /* UIViewController + ColorAlert.swift */,
				7D581FF628F94CBD00DFE980 /* UIViewController + HelpAlert.swift */,
				7DCC3A0228F86C17008638F6 /* UIView + CustomStar.swift */,
			);
			path = Extension;
			sourceTree = "<group>";
		};
		7DD19F9628F809E800A4EDAA /* Model */ = {
			isa = PBXGroup;
			children = (
				7DD19F9728F80A0800A4EDAA /* Gradient.swift */,
				7DCC3A0428F86D1E008638F6 /* Star.swift */,
				7DCC3A0928F89A0E008638F6 /* Log.swift */,
			);
			path = Model;
			sourceTree = "<group>";
		};
/* End PBXGroup section */

/* Begin PBXNativeTarget section */
		7D642CF628F1605D00C0A746 /* #17 Transitions */ = {
			isa = PBXNativeTarget;
			buildConfigurationList = 7D642D0B28F1605F00C0A746 /* Build configuration list for PBXNativeTarget "#17 Transitions" */;
			buildPhases = (
				7D642CF328F1605D00C0A746 /* Sources */,
				7D642CF428F1605D00C0A746 /* Frameworks */,
				7D642CF528F1605D00C0A746 /* Resources */,
			);
			buildRules = (
			);
			dependencies = (
			);
			name = "#17 Transitions";
			productName = "#17 Transitions";
			productReference = 7D642CF728F1605D00C0A746 /* #17 Transitions.app */;
			productType = "com.apple.product-type.application";
		};
/* End PBXNativeTarget section */

/* Begin PBXProject section */
		7D642CEF28F1605D00C0A746 /* Project object */ = {
			isa = PBXProject;
			attributes = {
				BuildIndependentTargetsInParallel = 1;
				LastSwiftUpdateCheck = 1340;
				LastUpgradeCheck = 1340;
				TargetAttributes = {
					7D642CF628F1605D00C0A746 = {
						CreatedOnToolsVersion = 13.4.1;
					};
				};
			};
			buildConfigurationList = 7D642CF228F1605D00C0A746 /* Build configuration list for PBXProject "#17 Transitions" */;
			compatibilityVersion = "Xcode 13.0";
			developmentRegion = en;
			hasScannedForEncodings = 0;
			knownRegions = (
				en,
				Base,
			);
			mainGroup = 7D642CEE28F1605D00C0A746;
			productRefGroup = 7D642CF828F1605D00C0A746 /* Products */;
			projectDirPath = "";
			projectRoot = "";
			targets = (
				7D642CF628F1605D00C0A746 /* #17 Transitions */,
			);
		};
/* End PBXProject section */

/* Begin PBXResourcesBuildPhase section */
		7D642CF528F1605D00C0A746 /* Resources */ = {
			isa = PBXResourcesBuildPhase;
			buildActionMask = 2147483647;
			files = (
				7D642D0728F1605F00C0A746 /* LaunchScreen.storyboard in Resources */,
				7D642D0428F1605F00C0A746 /* Assets.xcassets in Resources */,
				7D642D0228F1605D00C0A746 /* Main.storyboard in Resources */,
			);
			runOnlyForDeploymentPostprocessing = 0;
		};
/* End PBXResourcesBuildPhase section */

/* Begin PBXSourcesBuildPhase section */
		7D642CF328F1605D00C0A746 /* Sources */ = {
			isa = PBXSourcesBuildPhase;
			buildActionMask = 2147483647;
			files = (
				7D642D1728F6E06700C0A746 /* SetupColorViewController.swift in Sources */,
				7D642D1D28F6F55600C0A746 /* UIViewController + ColorAlert.swift in Sources */,
				7D58201328F96FEC00DFE980 /* CanvasStarsViewController.swift in Sources */,
				7D58200F28F96FA700DFE980 /* CanvasView.swift in Sources */,
				7DCC3A0A28F89A0F008638F6 /* Log.swift in Sources */,
				7D642D1328F6DF3F00C0A746 /* PaletteViewController.swift in Sources */,
				7DD19F9828F80A0800A4EDAA /* Gradient.swift in Sources */,
				7D58200A28F96F9700DFE980 /* PreviewStarViewController.swift in Sources */,
				7D58200B28F96F9700DFE980 /* SetupStarViewController.swift in Sources */,
				7D642CFB28F1605D00C0A746 /* AppDelegate.swift in Sources */,
				7D642D1528F6DFBA00C0A746 /* GradientViewController.swift in Sources */,
				7D642CFD28F1605D00C0A746 /* SceneDelegate.swift in Sources */,
				7DCC3A0328F86C17008638F6 /* UIView + CustomStar.swift in Sources */,
				7DCC3A0528F86D1E008638F6 /* Star.swift in Sources */,
				7D58200E28F96FA700DFE980 /* StarView.swift in Sources */,
				7D581FF728F94CBD00DFE980 /* UIViewController + HelpAlert.swift in Sources */,
			);
			runOnlyForDeploymentPostprocessing = 0;
		};
/* End PBXSourcesBuildPhase section */

/* Begin PBXVariantGroup section */
		7D642D0028F1605D00C0A746 /* Main.storyboard */ = {
			isa = PBXVariantGroup;
			children = (
				7D642D0128F1605D00C0A746 /* Base */,
			);
			name = Main.storyboard;
			sourceTree = "<group>";
		};
		7D642D0528F1605F00C0A746 /* LaunchScreen.storyboard */ = {
			isa = PBXVariantGroup;
			children = (
				7D642D0628F1605F00C0A746 /* Base */,
			);
			name = LaunchScreen.storyboard;
			sourceTree = "<group>";
		};
/* End PBXVariantGroup section */

/* Begin XCBuildConfiguration section */
		7D642D0928F1605F00C0A746 /* Debug */ = {
			isa = XCBuildConfiguration;
			buildSettings = {
				ALWAYS_SEARCH_USER_PATHS = NO;
				CLANG_ANALYZER_NONNULL = YES;
				CLANG_ANALYZER_NUMBER_OBJECT_CONVERSION = YES_AGGRESSIVE;
				CLANG_CXX_LANGUAGE_STANDARD = "gnu++17";
				CLANG_ENABLE_MODULES = YES;
				CLANG_ENABLE_OBJC_ARC = YES;
				CLANG_ENABLE_OBJC_WEAK = YES;
				CLANG_WARN_BLOCK_CAPTURE_AUTORELEASING = YES;
				CLANG_WARN_BOOL_CONVERSION = YES;
				CLANG_WARN_COMMA = YES;
				CLANG_WARN_CONSTANT_CONVERSION = YES;
				CLANG_WARN_DEPRECATED_OBJC_IMPLEMENTATIONS = YES;
				CLANG_WARN_DIRECT_OBJC_ISA_USAGE = YES_ERROR;
				CLANG_WARN_DOCUMENTATION_COMMENTS = YES;
				CLANG_WARN_EMPTY_BODY = YES;
				CLANG_WARN_ENUM_CONVERSION = YES;
				CLANG_WARN_INFINITE_RECURSION = YES;
				CLANG_WARN_INT_CONVERSION = YES;
				CLANG_WARN_NON_LITERAL_NULL_CONVERSION = YES;
				CLANG_WARN_OBJC_IMPLICIT_RETAIN_SELF = YES;
				CLANG_WARN_OBJC_LITERAL_CONVERSION = YES;
				CLANG_WARN_OBJC_ROOT_CLASS = YES_ERROR;
				CLANG_WARN_QUOTED_INCLUDE_IN_FRAMEWORK_HEADER = YES;
				CLANG_WARN_RANGE_LOOP_ANALYSIS = YES;
				CLANG_WARN_STRICT_PROTOTYPES = YES;
				CLANG_WARN_SUSPICIOUS_MOVE = YES;
				CLANG_WARN_UNGUARDED_AVAILABILITY = YES_AGGRESSIVE;
				CLANG_WARN_UNREACHABLE_CODE = YES;
				CLANG_WARN__DUPLICATE_METHOD_MATCH = YES;
				COPY_PHASE_STRIP = NO;
				DEBUG_INFORMATION_FORMAT = dwarf;
				ENABLE_STRICT_OBJC_MSGSEND = YES;
				ENABLE_TESTABILITY = YES;
				GCC_C_LANGUAGE_STANDARD = gnu11;
				GCC_DYNAMIC_NO_PIC = NO;
				GCC_NO_COMMON_BLOCKS = YES;
				GCC_OPTIMIZATION_LEVEL = 0;
				GCC_PREPROCESSOR_DEFINITIONS = (
					"DEBUG=1",
					"$(inherited)",
				);
				GCC_WARN_64_TO_32_BIT_CONVERSION = YES;
				GCC_WARN_ABOUT_RETURN_TYPE = YES_ERROR;
				GCC_WARN_UNDECLARED_SELECTOR = YES;
				GCC_WARN_UNINITIALIZED_AUTOS = YES_AGGRESSIVE;
				GCC_WARN_UNUSED_FUNCTION = YES;
				GCC_WARN_UNUSED_VARIABLE = YES;
				IPHONEOS_DEPLOYMENT_TARGET = 15.0;
				MTL_ENABLE_DEBUG_INFO = INCLUDE_SOURCE;
				MTL_FAST_MATH = YES;
				ONLY_ACTIVE_ARCH = YES;
				SDKROOT = iphoneos;
				SWIFT_ACTIVE_COMPILATION_CONDITIONS = DEBUG;
				SWIFT_OPTIMIZATION_LEVEL = "-Onone";
			};
			name = Debug;
		};
		7D642D0A28F1605F00C0A746 /* Release */ = {
			isa = XCBuildConfiguration;
			buildSettings = {
				ALWAYS_SEARCH_USER_PATHS = NO;
				CLANG_ANALYZER_NONNULL = YES;
				CLANG_ANALYZER_NUMBER_OBJECT_CONVERSION = YES_AGGRESSIVE;
				CLANG_CXX_LANGUAGE_STANDARD = "gnu++17";
				CLANG_ENABLE_MODULES = YES;
				CLANG_ENABLE_OBJC_ARC = YES;
				CLANG_ENABLE_OBJC_WEAK = YES;
				CLANG_WARN_BLOCK_CAPTURE_AUTORELEASING = YES;
				CLANG_WARN_BOOL_CONVERSION = YES;
				CLANG_WARN_COMMA = YES;
				CLANG_WARN_CONSTANT_CONVERSION = YES;
				CLANG_WARN_DEPRECATED_OBJC_IMPLEMENTATIONS = YES;
				CLANG_WARN_DIRECT_OBJC_ISA_USAGE = YES_ERROR;
				CLANG_WARN_DOCUMENTATION_COMMENTS = YES;
				CLANG_WARN_EMPTY_BODY = YES;
				CLANG_WARN_ENUM_CONVERSION = YES;
				CLANG_WARN_INFINITE_RECURSION = YES;
				CLANG_WARN_INT_CONVERSION = YES;
				CLANG_WARN_NON_LITERAL_NULL_CONVERSION = YES;
				CLANG_WARN_OBJC_IMPLICIT_RETAIN_SELF = YES;
				CLANG_WARN_OBJC_LITERAL_CONVERSION = YES;
				CLANG_WARN_OBJC_ROOT_CLASS = YES_ERROR;
				CLANG_WARN_QUOTED_INCLUDE_IN_FRAMEWORK_HEADER = YES;
				CLANG_WARN_RANGE_LOOP_ANALYSIS = YES;
				CLANG_WARN_STRICT_PROTOTYPES = YES;
				CLANG_WARN_SUSPICIOUS_MOVE = YES;
				CLANG_WARN_UNGUARDED_AVAILABILITY = YES_AGGRESSIVE;
				CLANG_WARN_UNREACHABLE_CODE = YES;
				CLANG_WARN__DUPLICATE_METHOD_MATCH = YES;
				COPY_PHASE_STRIP = NO;
				DEBUG_INFORMATION_FORMAT = "dwarf-with-dsym";
				ENABLE_NS_ASSERTIONS = NO;
				ENABLE_STRICT_OBJC_MSGSEND = YES;
				GCC_C_LANGUAGE_STANDARD = gnu11;
				GCC_NO_COMMON_BLOCKS = YES;
				GCC_WARN_64_TO_32_BIT_CONVERSION = YES;
				GCC_WARN_ABOUT_RETURN_TYPE = YES_ERROR;
				GCC_WARN_UNDECLARED_SELECTOR = YES;
				GCC_WARN_UNINITIALIZED_AUTOS = YES_AGGRESSIVE;
				GCC_WARN_UNUSED_FUNCTION = YES;
				GCC_WARN_UNUSED_VARIABLE = YES;
				IPHONEOS_DEPLOYMENT_TARGET = 15.0;
				MTL_ENABLE_DEBUG_INFO = NO;
				MTL_FAST_MATH = YES;
				SDKROOT = iphoneos;
				SWIFT_COMPILATION_MODE = wholemodule;
				SWIFT_OPTIMIZATION_LEVEL = "-O";
				VALIDATE_PRODUCT = YES;
			};
			name = Release;
		};
		7D642D0C28F1605F00C0A746 /* Debug */ = {
			isa = XCBuildConfiguration;
			buildSettings = {
				ASSETCATALOG_COMPILER_APPICON_NAME = AppIcon;
				ASSETCATALOG_COMPILER_GLOBAL_ACCENT_COLOR_NAME = AccentColor;
				CODE_SIGN_STYLE = Automatic;
				CURRENT_PROJECT_VERSION = 1;
				DEVELOPMENT_TEAM = WJM24K3YHR;
				GENERATE_INFOPLIST_FILE = YES;
				INFOPLIST_FILE = "#17 Transitions/Info.plist";
				INFOPLIST_KEY_UIApplicationSupportsIndirectInputEvents = YES;
				INFOPLIST_KEY_UILaunchStoryboardName = LaunchScreen;
				INFOPLIST_KEY_UIMainStoryboardFile = Main;
				INFOPLIST_KEY_UISupportedInterfaceOrientations_iPad = "UIInterfaceOrientationPortrait UIInterfaceOrientationPortraitUpsideDown UIInterfaceOrientationLandscapeLeft UIInterfaceOrientationLandscapeRight";
				INFOPLIST_KEY_UISupportedInterfaceOrientations_iPhone = "UIInterfaceOrientationPortrait UIInterfaceOrientationLandscapeLeft UIInterfaceOrientationLandscapeRight";
				IPHONEOS_DEPLOYMENT_TARGET = 15.0;
				LD_RUNPATH_SEARCH_PATHS = (
					"$(inherited)",
					"@executable_path/Frameworks",
				);
				MARKETING_VERSION = 1.0;
				PRODUCT_BUNDLE_IDENTIFIER = "rubis-vladimir.-17-Transitions";
				PRODUCT_NAME = "$(TARGET_NAME)";
				SWIFT_EMIT_LOC_STRINGS = YES;
				SWIFT_VERSION = 5.0;
				TARGETED_DEVICE_FAMILY = "1,2";
			};
			name = Debug;
		};
		7D642D0D28F1605F00C0A746 /* Release */ = {
			isa = XCBuildConfiguration;
			buildSettings = {
				ASSETCATALOG_COMPILER_APPICON_NAME = AppIcon;
				ASSETCATALOG_COMPILER_GLOBAL_ACCENT_COLOR_NAME = AccentColor;
				CODE_SIGN_STYLE = Automatic;
				CURRENT_PROJECT_VERSION = 1;
				DEVELOPMENT_TEAM = WJM24K3YHR;
				GENERATE_INFOPLIST_FILE = YES;
				INFOPLIST_FILE = "#17 Transitions/Info.plist";
				INFOPLIST_KEY_UIApplicationSupportsIndirectInputEvents = YES;
				INFOPLIST_KEY_UILaunchStoryboardName = LaunchScreen;
				INFOPLIST_KEY_UIMainStoryboardFile = Main;
				INFOPLIST_KEY_UISupportedInterfaceOrientations_iPad = "UIInterfaceOrientationPortrait UIInterfaceOrientationPortraitUpsideDown UIInterfaceOrientationLandscapeLeft UIInterfaceOrientationLandscapeRight";
				INFOPLIST_KEY_UISupportedInterfaceOrientations_iPhone = "UIInterfaceOrientationPortrait UIInterfaceOrientationLandscapeLeft UIInterfaceOrientationLandscapeRight";
				IPHONEOS_DEPLOYMENT_TARGET = 15.0;
				LD_RUNPATH_SEARCH_PATHS = (
					"$(inherited)",
					"@executable_path/Frameworks",
				);
				MARKETING_VERSION = 1.0;
				PRODUCT_BUNDLE_IDENTIFIER = "rubis-vladimir.-17-Transitions";
				PRODUCT_NAME = "$(TARGET_NAME)";
				SWIFT_EMIT_LOC_STRINGS = YES;
				SWIFT_VERSION = 5.0;
				TARGETED_DEVICE_FAMILY = "1,2";
			};
			name = Release;
		};
/* End XCBuildConfiguration section */

/* Begin XCConfigurationList section */
		7D642CF228F1605D00C0A746 /* Build configuration list for PBXProject "#17 Transitions" */ = {
			isa = XCConfigurationList;
			buildConfigurations = (
				7D642D0928F1605F00C0A746 /* Debug */,
				7D642D0A28F1605F00C0A746 /* Release */,
			);
			defaultConfigurationIsVisible = 0;
			defaultConfigurationName = Release;
		};
		7D642D0B28F1605F00C0A746 /* Build configuration list for PBXNativeTarget "#17 Transitions" */ = {
			isa = XCConfigurationList;
			buildConfigurations = (
				7D642D0C28F1605F00C0A746 /* Debug */,
				7D642D0D28F1605F00C0A746 /* Release */,
			);
			defaultConfigurationIsVisible = 0;
			defaultConfigurationName = Release;
		};
/* End XCConfigurationList section */
	};
	rootObject = 7D642CEF28F1605D00C0A746 /* Project object */;
}
